
Microsoft Visual Studio Solution File, Format Version 12.00
# Visual Studio Version 17
VisualStudioVersion = 17.11.35219.272
MinimumVisualStudioVersion = 10.0.40219.1
Project("{FAE04EC0-301F-11D3-BF4B-00C04F79EFBC}") = "FlexConsumptionFunction", "FlexConsumptionFunction.csproj", "{B89C82F6-B368-447F-A1D5-6DDCFD1A78B6}"
EndProject
Global
	GlobalSection(SolutionConfigurationPlatforms) = preSolution
		Debug|Any CPU = Debug|Any CPU
		Release|Any CPU = Release|Any CPU
	EndGlobalSection
	GlobalSection(ProjectConfigurationPlatforms) = postSolution
		{B89C82F6-B368-447F-A1D5-6DDCFD1A78B6}.Debug|Any CPU.ActiveCfg = Debug|Any CPU
		{B89C82F6-B368-447F-A1D5-6DDCFD1A78B6}.Debug|Any CPU.Build.0 = Debug|Any CPU
		{B89C82F6-B368-447F-A1D5-6DDCFD1A78B6}.Release|Any CPU.ActiveCfg = Release|Any CPU
		{B89C82F6-B368-447F-A1D5-6DDCFD1A78B6}.Release|Any CPU.Build.0 = Release|Any CPU
	EndGlobalSection
	GlobalSection(SolutionProperties) = preSolution
		HideSolutionNode = FALSE
	EndGlobalSection
	GlobalSection(ExtensibilityGlobals) = postSolution
		SolutionGuid = {F865D514-F6AA-456A-9995-D38E8F931156}
	EndGlobalSection
EndGlobal
